Microsoft Visual Studio Solution File, Format Version 11.00
# Visual Studio 2010
Project("{2150E333-8FDC-42A3-9474-1A3956D46DE8}") = "Solution Items", "Solution Items", "{54D377F4-153E-4900-8317-3A1371626EF2}"
	ProjectSection(SolutionItems) = preProject
		Vss2Git.nsi = Vss2Git.nsi
	EndProjectSection
EndProject
Project("{FAE04EC0-301F-11D3-BF4B-00C04F79EFBC}") = "Vss2Git", "Vss2Git\Vss2Git.csproj", "{381B9665-A55F-4139-9B69-928A08529C6A}"
EndProject
Project("{FAE04EC0-301F-11D3-BF4B-00C04F79EFBC}") = "VssDump", "VssDump\VssDump.csproj", "{81940BA2-E5D1-4EA5-B183-557579B888E3}"
EndProject
Project("{FAE04EC0-301F-11D3-BF4B-00C04F79EFBC}") = "VssPhysicalLib", "VssPhysicalLib\VssPhysicalLib.csproj", "{16812A7C-32C1-457E-8E2B-5F7DCC6C38F8}"
	ProjectSection(ProjectDependencies) = postProject
		{5BCD4B23-FFE4-454E-A8E2-03C4791350BE} = {5BCD4B23-FFE4-454E-A8E2-03C4791350BE}
	EndProjectSection
EndProject
Project("{FAE04EC0-301F-11D3-BF4B-00C04F79EFBC}") = "VssLogicalLib", "VssLogicalLib\VssLogicalLib.csproj", "{0D191E03-15DA-4DDE-8CD5-B3031898FAF3}"
EndProject
Project("{FAE04EC0-301F-11D3-BF4B-00C04F79EFBC}") = "HashLib", "HashLib\HashLib.csproj", "{5BCD4B23-FFE4-454E-A8E2-03C4791350BE}"
EndProject
Project("{FAE04EC0-301F-11D3-BF4B-00C04F79EFBC}") = "HashTest", "HashTest\HashTest.csproj", "{917988FD-71D7-4091-9187-E310C0A6DF27}"
EndProject
Global
	GlobalSection(SolutionConfigurationPlatforms) = preSolution
		Debug|Any CPU = Debug|Any CPU
		Release|Any CPU = Release|Any CPU
	EndGlobalSection
	GlobalSection(ProjectConfigurationPlatforms) = postSolution
		{381B9665-A55F-4139-9B69-928A08529C6A}.Debug|Any CPU.ActiveCfg = Debug|Any CPU
		{381B9665-A55F-4139-9B69-928A08529C6A}.Debug|Any CPU.Build.0 = Debug|Any CPU
		{381B9665-A55F-4139-9B69-928A08529C6A}.Release|Any CPU.ActiveCfg = Release|Any CPU
		{381B9665-A55F-4139-9B69-928A08529C6A}.Release|Any CPU.Build.0 = Release|Any CPU
		{81940BA2-E5D1-4EA5-B183-557579B888E3}.Debug|Any CPU.ActiveCfg = Debug|Any CPU
		{81940BA2-E5D1-4EA5-B183-557579B888E3}.Debug|Any CPU.Build.0 = Debug|Any CPU
		{81940BA2-E5D1-4EA5-B183-557579B888E3}.Release|Any CPU.ActiveCfg = Release|Any CPU
		{81940BA2-E5D1-4EA5-B183-557579B888E3}.Release|Any CPU.Build.0 = Release|Any CPU
		{16812A7C-32C1-457E-8E2B-5F7DCC6C38F8}.Debug|Any CPU.ActiveCfg = Debug|Any CPU
		{16812A7C-32C1-457E-8E2B-5F7DCC6C38F8}.Debug|Any CPU.Build.0 = Debug|Any CPU
		{16812A7C-32C1-457E-8E2B-5F7DCC6C38F8}.Release|Any CPU.ActiveCfg = Release|Any CPU
		{16812A7C-32C1-457E-8E2B-5F7DCC6C38F8}.Release|Any CPU.Build.0 = Release|Any CPU
		{0D191E03-15DA-4DDE-8CD5-B3031898FAF3}.Debug|Any CPU.ActiveCfg = Debug|Any CPU
		{0D191E03-15DA-4DDE-8CD5-B3031898FAF3}.Debug|Any CPU.Build.0 = Debug|Any CPU
		{0D191E03-15DA-4DDE-8CD5-B3031898FAF3}.Release|Any CPU.ActiveCfg = Release|Any CPU
		{0D191E03-15DA-4DDE-8CD5-B3031898FAF3}.Release|Any CPU.Build.0 = Release|Any CPU
		{5BCD4B23-FFE4-454E-A8E2-03C4791350BE}.Debug|Any CPU.ActiveCfg = Debug|Any CPU
		{5BCD4B23-FFE4-454E-A8E2-03C4791350BE}.Debug|Any CPU.Build.0 = Debug|Any CPU
		{5BCD4B23-FFE4-454E-A8E2-03C4791350BE}.Release|Any CPU.ActiveCfg = Release|Any CPU
		{5BCD4B23-FFE4-454E-A8E2-03C4791350BE}.Release|Any CPU.Build.0 = Release|Any CPU
		{917988FD-71D7-4091-9187-E310C0A6DF27}.Debug|Any CPU.ActiveCfg = Debug|Any CPU
		{917988FD-71D7-4091-9187-E310C0A6DF27}.Debug|Any CPU.Build.0 = Debug|Any CPU
		{917988FD-71D7-4091-9187-E310C0A6DF27}.Release|Any CPU.ActiveCfg = Release|Any CPU
		{917988FD-71D7-4091-9187-E310C0A6DF27}.Release|Any CPU.Build.0 = Release|Any CPU
	EndGlobalSection
	GlobalSection(SolutionProperties) = preSolution
		HideSolutionNode = FALSE
	EndGlobalSection
EndGlobal
